
Microsoft Visual Studio Solution File, Format Version 12.00
# Visual Studio Version 17
VisualStudioVersion = 17.9.34622.214
MinimumVisualStudioVersion = 10.0.40219.1
Project("{FAE04EC0-301F-11D3-BF4B-00C04F79EFBC}") = "BUUKSTUR", "BUUKSTUR\BUUKSTUR.csproj", "{0C8A4EC2-9788-4084-B242-D56F0DA930F3}"
EndProject
Global
	GlobalSection(SolutionConfigurationPlatforms) = preSolution
		Debug|Any CPU = Debug|Any CPU
		Release|Any CPU = Release|Any CPU
	EndGlobalSection
	GlobalSection(ProjectConfigurationPlatforms) = postSolution
		{0C8A4EC2-9788-4084-B242-D56F0DA930F3}.Debug|Any CPU.ActiveCfg = Debug|Any CPU
		{0C8A4EC2-9788-4084-B242-D56F0DA930F3}.Debug|Any CPU.Build.0 = Debug|Any CPU
		{0C8A4EC2-9788-4084-B242-D56F0DA930F3}.Release|Any CPU.ActiveCfg = Release|Any CPU
		{0C8A4EC2-9788-4084-B242-D56F0DA930F3}.Release|Any CPU.Build.0 = Release|Any CPU
	EndGlobalSection
	GlobalSection(SolutionProperties) = preSolution
		HideSolutionNode = FALSE
	EndGlobalSection
	GlobalSection(ExtensibilityGlobals) = postSolution
		SolutionGuid = {BC4B84DF-5EA1-49E4-9218-977045FA74DA}
	EndGlobalSection
EndGlobal
